Microsoft Visual Studio Solution File, Format Version 12.00
# Visual Studio Version 17
VisualStudioVersion = 17.5.2.0
MinimumVisualStudioVersion = 10.0.40219.1
Project("{FAE04EC0-301F-11D3-BF4B-00C04F79EFBC}") = "desafio_estacionamento", "desafio_estacionamento.csproj", "{0C97796A-8663-0AFB-6A97-766F83B661B4}"
EndProject
Global
	GlobalSection(SolutionConfigurationPlatforms) = preSolution
		Debug|Any CPU = Debug|Any CPU
		Release|Any CPU = Release|Any CPU
	EndGlobalSection
	GlobalSection(ProjectConfigurationPlatforms) = postSolution
		{0C97796A-8663-0AFB-6A97-766F83B661B4}.Debug|Any CPU.ActiveCfg = Debug|Any CPU
		{0C97796A-8663-0AFB-6A97-766F83B661B4}.Debug|Any CPU.Build.0 = Debug|Any CPU
		{0C97796A-8663-0AFB-6A97-766F83B661B4}.Release|Any CPU.ActiveCfg = Release|Any CPU
		{0C97796A-8663-0AFB-6A97-766F83B661B4}.Release|Any CPU.Build.0 = Release|Any CPU
	EndGlobalSection
	GlobalSection(SolutionProperties) = preSolution
		HideSolutionNode = FALSE
	EndGlobalSection
	GlobalSection(ExtensibilityGlobals) = postSolution
		SolutionGuid = {EFE6E55C-8042-4030-8E77-7B1443D8F201}
	EndGlobalSection
EndGlobal
